
Microsoft Visual Studio Solution File, Format Version 12.00
# Visual Studio Version 17
VisualStudioVersion = 17.13.35931.197 d17.13
MinimumVisualStudioVersion = 10.0.40219.1
Project("{FAE04EC0-301F-11D3-BF4B-00C04F79EFBC}") = "Voice", "Voice\Voice.csproj", "{4FC182E2-A627-4A85-8E7B-FD0F2F10C762}"
EndProject
Global
	GlobalSection(SolutionConfigurationPlatforms) = preSolution
		Debug|Any CPU = Debug|Any CPU
		Release|Any CPU = Release|Any CPU
	EndGlobalSection
	GlobalSection(ProjectConfigurationPlatforms) = postSolution
		{4FC182E2-A627-4A85-8E7B-FD0F2F10C762}.Debug|Any CPU.ActiveCfg = Debug|Any CPU
		{4FC182E2-A627-4A85-8E7B-FD0F2F10C762}.Debug|Any CPU.Build.0 = Debug|Any CPU
		{4FC182E2-A627-4A85-8E7B-FD0F2F10C762}.Release|Any CPU.ActiveCfg = Release|Any CPU
		{4FC182E2-A627-4A85-8E7B-FD0F2F10C762}.Release|Any CPU.Build.0 = Release|Any CPU
	EndGlobalSection
	GlobalSection(SolutionProperties) = preSolution
		HideSolutionNode = FALSE
	EndGlobalSection
	GlobalSection(ExtensibilityGlobals) = postSolution
		SolutionGuid = {740645B5-1A9A-42EC-B121-BB02D5E081D7}
	EndGlobalSection
EndGlobal
